schema: '2.0'
stages:
  data_ingestion:
    cmd: python src/data_ingestion.py
    deps:
    - path: src/data_ingestion.py
      hash: md5
      md5: 16ae5f075fdf75d6fc01c48e9f2c5cbf
      size: 5390
    outs:
    - path: data/raw
      hash: md5
      md5: 1a287d34dc172d9f950c03dae35f7e73.dir
      size: 484846
      nfiles: 2
  data_preprocessing:
    cmd: python src/data_preprocessing.py
    deps:
    - path: data/raw
      hash: md5
      md5: 1a287d34dc172d9f950c03dae35f7e73.dir
      size: 484846
      nfiles: 2
    - path: src/data_preprocessing.py
      hash: md5
      md5: e11775d2b60077c07228ffbd523f552b
      size: 5590
    outs:
    - path: data/interim
      hash: md5
      md5: d99be5cb2b019d747166f90739fa6d08.dir
      size: 260073
      nfiles: 2
  feature_engineering:
    cmd: python src/feature_engineering.py
    deps:
    - path: data/interim
      hash: md5
      md5: d99be5cb2b019d747166f90739fa6d08.dir
      size: 260073
      nfiles: 2
    - path: src/feature_engineering.py
      hash: md5
      md5: 2831f8cdbb01a50203d1e4d48732b03c
      size: 4788
    outs:
    - path: data/processed
      hash: md5
      md5: add8ca90996fa05a767fe49c07d298e8.dir
      size: 950090
      nfiles: 2
  model_building:
    cmd: python src/model_building.py
    deps:
    - path: data/processed
      hash: md5
      md5: add8ca90996fa05a767fe49c07d298e8.dir
      size: 950090
      nfiles: 2
    - path: src/model_building.py
      hash: md5
      md5: 0f7dbb116da7e00d07026eb4e19bb8ea
      size: 4783
    outs:
    - path: models/model.pkl
      hash: md5
      md5: 03811bc1ab2b7d901e2fbc144a660e61
      size: 845815
  model_evaluation:
    cmd: python src/model_evaluation.py
    deps:
    - path: models/model.pkl
      hash: md5
      md5: 03811bc1ab2b7d901e2fbc144a660e61
      size: 845815
    - path: src/model_evaluation.py
      hash: md5
      md5: 2c6b589807b9908795d8b6faeda4f0a9
      size: 6170
    outs:
    - path: reports/metrics.json
      hash: md5
      md5: ce0d7990f97312d1cfd924129467b104
      size: 145
